
Microsoft Visual Studio Solution File, Format Version 12.00
# Visual Studio 15
VisualStudioVersion = 15.0.27703.2018
MinimumVisualStudioVersion = 10.0.40219.1
Project("{9A19103F-16F7-4668-BE54-9A1E7A4F7556}") = "ContactSync.Entities", "ContactSync.Entities\ContactSync.Entities.csproj", "{68696070-2F7B-4EC2-9497-82B2D4D1F89C}"
EndProject
Project("{2150E333-8FDC-42A3-9474-1A3956D46DE8}") = "Entities", "Entities", "{E07A0CE0-5444-4DAD-9629-1D3182DE86EC}"
EndProject
Project("{2150E333-8FDC-42A3-9474-1A3956D46DE8}") = "Context", "Context", "{5BD5495D-BE46-4F79-B040-CB6902658050}"
EndProject
Project("{2150E333-8FDC-42A3-9474-1A3956D46DE8}") = "Repository", "Repository", "{88B55835-707E-49C8-889C-86FB8CDFF913}"
EndProject
Project("{9A19103F-16F7-4668-BE54-9A1E7A4F7556}") = "ContactSync.IRepository", "ContactSync.IRepository\ContactSync.IRepository.csproj", "{01E5D457-079F-4291-B825-D214B1FBB63D}"
EndProject
Project("{9A19103F-16F7-4668-BE54-9A1E7A4F7556}") = "ContactSync.Repository", "ContactSync.Repository\ContactSync.Repository.csproj", "{DF8224C6-612D-4831-A14B-BF9AA5ABF1AA}"
EndProject
Project("{2150E333-8FDC-42A3-9474-1A3956D46DE8}") = "BusinessLogic", "BusinessLogic", "{09EDF25D-D496-4954-A109-23397E67653C}"
EndProject
Project("{9A19103F-16F7-4668-BE54-9A1E7A4F7556}") = "ContactSync.IBusinessLogic", "ContactSync.IBusinessLogic\ContactSync.IBusinessLogic.csproj", "{4BF544EE-A3BA-47BE-A90D-9D604EF79E5E}"
EndProject
Project("{9A19103F-16F7-4668-BE54-9A1E7A4F7556}") = "ContactSync.BusinessLogic", "ContactSync.BusinessLogic\ContactSync.BusinessLogic.csproj", "{60B1163A-47E8-42DC-8F73-71C2EC7C4373}"
EndProject
Project("{2150E333-8FDC-42A3-9474-1A3956D46DE8}") = "Api", "Api", "{EBBCC9E6-0990-4FFD-877A-5B8449686B1C}"
EndProject
Project("{9A19103F-16F7-4668-BE54-9A1E7A4F7556}") = "ContactSync.Api", "ContactSync.Api\ContactSync.Api.csproj", "{89BBB563-8B74-408F-88C3-2DF4E900DCE0}"
EndProject
Project("{2150E333-8FDC-42A3-9474-1A3956D46DE8}") = "Dto", "Dto", "{88C56463-B8E3-453B-ACE6-2F8B1C35746D}"
EndProject
Project("{9A19103F-16F7-4668-BE54-9A1E7A4F7556}") = "ContactSync.Dto", "ContactSync.Dto\ContactSync.Dto.csproj", "{55C5EF45-8DE0-4CB6-B54E-163381DFDB6A}"
EndProject
Project("{9A19103F-16F7-4668-BE54-9A1E7A4F7556}") = "ContactSync.Context", "ContactSync.Context\ContactSync.Context.csproj", "{4143617B-E489-405A-B392-567C3A8E7B51}"
EndProject
Project("{2150E333-8FDC-42A3-9474-1A3956D46DE8}") = "Data", "Data", "{C1468923-34A8-4210-ACA3-89BE58F06D7E}"
EndProject
Project("{FAE04EC0-301F-11D3-BF4B-00C04F79EFBC}") = "ContactSync.Data", "ContactSync.Data\ContactSync.Data.csproj", "{11C84564-6337-430E-8D63-3174EE01581E}"
EndProject
Project("{2150E333-8FDC-42A3-9474-1A3956D46DE8}") = "Common", "Common", "{20F4370F-3232-4300-88B0-2018DC259464}"
EndProject
Project("{FAE04EC0-301F-11D3-BF4B-00C04F79EFBC}") = "ContactSync.Common", "ContactSync.Common\ContactSync.Common.csproj", "{EB931CC5-584E-4892-BAE1-E118546BC9F9}"
EndProject
Global
	GlobalSection(SolutionConfigurationPlatforms) = preSolution
		Debug|Any CPU = Debug|Any CPU
		Release|Any CPU = Release|Any CPU
	EndGlobalSection
	GlobalSection(ProjectConfigurationPlatforms) = postSolution
		{68696070-2F7B-4EC2-9497-82B2D4D1F89C}.Debug|Any CPU.ActiveCfg = Debug|Any CPU
		{68696070-2F7B-4EC2-9497-82B2D4D1F89C}.Debug|Any CPU.Build.0 = Debug|Any CPU
		{68696070-2F7B-4EC2-9497-82B2D4D1F89C}.Release|Any CPU.ActiveCfg = Release|Any CPU
		{68696070-2F7B-4EC2-9497-82B2D4D1F89C}.Release|Any CPU.Build.0 = Release|Any CPU
		{01E5D457-079F-4291-B825-D214B1FBB63D}.Debug|Any CPU.ActiveCfg = Debug|Any CPU
		{01E5D457-079F-4291-B825-D214B1FBB63D}.Debug|Any CPU.Build.0 = Debug|Any CPU
		{01E5D457-079F-4291-B825-D214B1FBB63D}.Release|Any CPU.ActiveCfg = Release|Any CPU
		{01E5D457-079F-4291-B825-D214B1FBB63D}.Release|Any CPU.Build.0 = Release|Any CPU
		{DF8224C6-612D-4831-A14B-BF9AA5ABF1AA}.Debug|Any CPU.ActiveCfg = Debug|Any CPU
		{DF8224C6-612D-4831-A14B-BF9AA5ABF1AA}.Debug|Any CPU.Build.0 = Debug|Any CPU
		{DF8224C6-612D-4831-A14B-BF9AA5ABF1AA}.Release|Any CPU.ActiveCfg = Release|Any CPU
		{DF8224C6-612D-4831-A14B-BF9AA5ABF1AA}.Release|Any CPU.Build.0 = Release|Any CPU
		{4BF544EE-A3BA-47BE-A90D-9D604EF79E5E}.Debug|Any CPU.ActiveCfg = Debug|Any CPU
		{4BF544EE-A3BA-47BE-A90D-9D604EF79E5E}.Debug|Any CPU.Build.0 = Debug|Any CPU
		{4BF544EE-A3BA-47BE-A90D-9D604EF79E5E}.Release|Any CPU.ActiveCfg = Release|Any CPU
		{4BF544EE-A3BA-47BE-A90D-9D604EF79E5E}.Release|Any CPU.Build.0 = Release|Any CPU
		{60B1163A-47E8-42DC-8F73-71C2EC7C4373}.Debug|Any CPU.ActiveCfg = Debug|Any CPU
		{60B1163A-47E8-42DC-8F73-71C2EC7C4373}.Debug|Any CPU.Build.0 = Debug|Any CPU
		{60B1163A-47E8-42DC-8F73-71C2EC7C4373}.Release|Any CPU.ActiveCfg = Release|Any CPU
		{60B1163A-47E8-42DC-8F73-71C2EC7C4373}.Release|Any CPU.Build.0 = Release|Any CPU
		{89BBB563-8B74-408F-88C3-2DF4E900DCE0}.Debug|Any CPU.ActiveCfg = Debug|Any CPU
		{89BBB563-8B74-408F-88C3-2DF4E900DCE0}.Debug|Any CPU.Build.0 = Debug|Any CPU
		{89BBB563-8B74-408F-88C3-2DF4E900DCE0}.Release|Any CPU.ActiveCfg = Release|Any CPU
		{89BBB563-8B74-408F-88C3-2DF4E900DCE0}.Release|Any CPU.Build.0 = Release|Any CPU
		{55C5EF45-8DE0-4CB6-B54E-163381DFDB6A}.Debug|Any CPU.ActiveCfg = Debug|Any CPU
		{55C5EF45-8DE0-4CB6-B54E-163381DFDB6A}.Debug|Any CPU.Build.0 = Debug|Any CPU
		{55C5EF45-8DE0-4CB6-B54E-163381DFDB6A}.Release|Any CPU.ActiveCfg = Release|Any CPU
		{55C5EF45-8DE0-4CB6-B54E-163381DFDB6A}.Release|Any CPU.Build.0 = Release|Any CPU
		{4143617B-E489-405A-B392-567C3A8E7B51}.Debug|Any CPU.ActiveCfg = Debug|Any CPU
		{4143617B-E489-405A-B392-567C3A8E7B51}.Debug|Any CPU.Build.0 = Debug|Any CPU
		{4143617B-E489-405A-B392-567C3A8E7B51}.Release|Any CPU.ActiveCfg = Release|Any CPU
		{4143617B-E489-405A-B392-567C3A8E7B51}.Release|Any CPU.Build.0 = Release|Any CPU
		{11C84564-6337-430E-8D63-3174EE01581E}.Debug|Any CPU.ActiveCfg = Debug|Any CPU
		{11C84564-6337-430E-8D63-3174EE01581E}.Debug|Any CPU.Build.0 = Debug|Any CPU
		{11C84564-6337-430E-8D63-3174EE01581E}.Release|Any CPU.ActiveCfg = Release|Any CPU
		{11C84564-6337-430E-8D63-3174EE01581E}.Release|Any CPU.Build.0 = Release|Any CPU
		{EB931CC5-584E-4892-BAE1-E118546BC9F9}.Debug|Any CPU.ActiveCfg = Debug|Any CPU
		{EB931CC5-584E-4892-BAE1-E118546BC9F9}.Debug|Any CPU.Build.0 = Debug|Any CPU
		{EB931CC5-584E-4892-BAE1-E118546BC9F9}.Release|Any CPU.ActiveCfg = Release|Any CPU
		{EB931CC5-584E-4892-BAE1-E118546BC9F9}.Release|Any CPU.Build.0 = Release|Any CPU
	EndGlobalSection
	GlobalSection(SolutionProperties) = preSolution
		HideSolutionNode = FALSE
	EndGlobalSection
	GlobalSection(NestedProjects) = preSolution
		{68696070-2F7B-4EC2-9497-82B2D4D1F89C} = {E07A0CE0-5444-4DAD-9629-1D3182DE86EC}
		{01E5D457-079F-4291-B825-D214B1FBB63D} = {88B55835-707E-49C8-889C-86FB8CDFF913}
		{DF8224C6-612D-4831-A14B-BF9AA5ABF1AA} = {88B55835-707E-49C8-889C-86FB8CDFF913}
		{4BF544EE-A3BA-47BE-A90D-9D604EF79E5E} = {09EDF25D-D496-4954-A109-23397E67653C}
		{60B1163A-47E8-42DC-8F73-71C2EC7C4373} = {09EDF25D-D496-4954-A109-23397E67653C}
		{89BBB563-8B74-408F-88C3-2DF4E900DCE0} = {EBBCC9E6-0990-4FFD-877A-5B8449686B1C}
		{55C5EF45-8DE0-4CB6-B54E-163381DFDB6A} = {88C56463-B8E3-453B-ACE6-2F8B1C35746D}
		{4143617B-E489-405A-B392-567C3A8E7B51} = {5BD5495D-BE46-4F79-B040-CB6902658050}
		{11C84564-6337-430E-8D63-3174EE01581E} = {C1468923-34A8-4210-ACA3-89BE58F06D7E}
		{EB931CC5-584E-4892-BAE1-E118546BC9F9} = {20F4370F-3232-4300-88B0-2018DC259464}
	EndGlobalSection
	GlobalSection(ExtensibilityGlobals) = postSolution
		SolutionGuid = {8741E4C9-4B96-4844-B402-462749C82BF6}
	EndGlobalSection
EndGlobal
